
Microsoft Visual Studio Solution File, Format Version 12.00
# Visual Studio Version 16
VisualStudioVersion = 16.0.30907.101
MinimumVisualStudioVersion = 10.0.40219.1
Project("{2150E333-8FDC-42A3-9474-1A3956D46DE8}") = "API", "API", "{50FFE84B-6A9F-421D-AF4A-6B91D510C16D}"
EndProject
Project("{9A19103F-16F7-4668-BE54-9A1E7A4F7556}") = "RouletteApi", "API\RouletteApi\RouletteApi.csproj", "{2668977E-4A3F-4B2C-8FEE-4E7C92815E15}"
EndProject
Global
	GlobalSection(SolutionConfigurationPlatforms) = preSolution
		Debug|Any CPU = Debug|Any CPU
		Release|Any CPU = Release|Any CPU
	EndGlobalSection
	GlobalSection(ProjectConfigurationPlatforms) = postSolution
		{2668977E-4A3F-4B2C-8FEE-4E7C92815E15}.Debug|Any CPU.ActiveCfg = Debug|Any CPU
		{2668977E-4A3F-4B2C-8FEE-4E7C92815E15}.Debug|Any CPU.Build.0 = Debug|Any CPU
		{2668977E-4A3F-4B2C-8FEE-4E7C92815E15}.Release|Any CPU.ActiveCfg = Release|Any CPU
		{2668977E-4A3F-4B2C-8FEE-4E7C92815E15}.Release|Any CPU.Build.0 = Release|Any CPU
	EndGlobalSection
	GlobalSection(SolutionProperties) = preSolution
		HideSolutionNode = FALSE
	EndGlobalSection
	GlobalSection(NestedProjects) = preSolution
		{2668977E-4A3F-4B2C-8FEE-4E7C92815E15} = {50FFE84B-6A9F-421D-AF4A-6B91D510C16D}
	EndGlobalSection
	GlobalSection(ExtensibilityGlobals) = postSolution
		SolutionGuid = {A193DAB4-8628-489D-B1BA-4B7ABF73BFAE}
	EndGlobalSection
EndGlobal
